
Microsoft Visual Studio Solution File, Format Version 12.00
# Visual Studio Version 16
VisualStudioVersion = 16.0.31515.178
MinimumVisualStudioVersion = 10.0.40219.1
Project("{9A19103F-16F7-4668-BE54-9A1E7A4F7556}") = "DAL", "DAL\DAL.csproj", "{02EE9C46-7A64-4133-83F2-EE31EA7462F1}"
EndProject
Project("{FAE04EC0-301F-11D3-BF4B-00C04F79EFBC}") = "ViewModels", "ViewModels\ViewModels.csproj", "{855EC5FA-2C4C-43B3-996F-92BBA0481E29}"
EndProject
Project("{FAE04EC0-301F-11D3-BF4B-00C04F79EFBC}") = "BLL", "BLL\BLL.csproj", "{67710B2D-2044-46A7-BFFB-C285D413A36A}"
EndProject
Project("{FAE04EC0-301F-11D3-BF4B-00C04F79EFBC}") = "Web", "Web\Web.csproj", "{01864387-627D-43EB-B190-210A534E2288}"
EndProject
Global
	GlobalSection(SolutionConfigurationPlatforms) = preSolution
		Debug|Any CPU = Debug|Any CPU
		Release|Any CPU = Release|Any CPU
	EndGlobalSection
	GlobalSection(ProjectConfigurationPlatforms) = postSolution
		{02EE9C46-7A64-4133-83F2-EE31EA7462F1}.Debug|Any CPU.ActiveCfg = Debug|Any CPU
		{02EE9C46-7A64-4133-83F2-EE31EA7462F1}.Debug|Any CPU.Build.0 = Debug|Any CPU
		{02EE9C46-7A64-4133-83F2-EE31EA7462F1}.Release|Any CPU.ActiveCfg = Release|Any CPU
		{02EE9C46-7A64-4133-83F2-EE31EA7462F1}.Release|Any CPU.Build.0 = Release|Any CPU
		{855EC5FA-2C4C-43B3-996F-92BBA0481E29}.Debug|Any CPU.ActiveCfg = Debug|Any CPU
		{855EC5FA-2C4C-43B3-996F-92BBA0481E29}.Debug|Any CPU.Build.0 = Debug|Any CPU
		{855EC5FA-2C4C-43B3-996F-92BBA0481E29}.Release|Any CPU.ActiveCfg = Release|Any CPU
		{855EC5FA-2C4C-43B3-996F-92BBA0481E29}.Release|Any CPU.Build.0 = Release|Any CPU
		{67710B2D-2044-46A7-BFFB-C285D413A36A}.Debug|Any CPU.ActiveCfg = Debug|Any CPU
		{67710B2D-2044-46A7-BFFB-C285D413A36A}.Debug|Any CPU.Build.0 = Debug|Any CPU
		{67710B2D-2044-46A7-BFFB-C285D413A36A}.Release|Any CPU.ActiveCfg = Release|Any CPU
		{67710B2D-2044-46A7-BFFB-C285D413A36A}.Release|Any CPU.Build.0 = Release|Any CPU
		{01864387-627D-43EB-B190-210A534E2288}.Debug|Any CPU.ActiveCfg = Debug|Any CPU
		{01864387-627D-43EB-B190-210A534E2288}.Debug|Any CPU.Build.0 = Debug|Any CPU
		{01864387-627D-43EB-B190-210A534E2288}.Release|Any CPU.ActiveCfg = Release|Any CPU
		{01864387-627D-43EB-B190-210A534E2288}.Release|Any CPU.Build.0 = Release|Any CPU
	EndGlobalSection
	GlobalSection(SolutionProperties) = preSolution
		HideSolutionNode = FALSE
	EndGlobalSection
	GlobalSection(ExtensibilityGlobals) = postSolution
		SolutionGuid = {0753EC29-2DC1-4BD8-AC8E-F35658AD7A29}
	EndGlobalSection
EndGlobal
